
Microsoft Visual Studio Solution File, Format Version 12.00
# Visual Studio Version 17
VisualStudioVersion = 17.10.34928.147
MinimumVisualStudioVersion = 10.0.40219.1
Project("{9A19103F-16F7-4668-BE54-9A1E7A4F7556}") = "GraduateWork1", "GraduateWork1\GraduateWork1.csproj", "{9F79F2D5-9A6C-416D-9059-D5F82139F594}"
EndProject
Project("{9A19103F-16F7-4668-BE54-9A1E7A4F7556}") = "GradWork.bll", "GradWork.bll\GradWork.bll.csproj", "{BFDE1403-FB86-453B-B269-E8EDE8C491E7}"
EndProject
Project("{9A19103F-16F7-4668-BE54-9A1E7A4F7556}") = "Tests", "Tests\Tests.csproj", "{A7106878-6538-473E-82F0-5251B2E85014}"
EndProject
Project("{9A19103F-16F7-4668-BE54-9A1E7A4F7556}") = "Domain(Models)", "Domain(Models)\Domain(Models).csproj", "{BB65C91A-F572-48CB-9C22-AE860119C8D5}"
EndProject
Project("{FAE04EC0-301F-11D3-BF4B-00C04F79EFBC}") = "DAL", "DAL\DAL.csproj", "{C36879FC-F55C-4620-BC05-407EFBBC8869}"
EndProject
Global
	GlobalSection(SolutionConfigurationPlatforms) = preSolution
		Debug|Any CPU = Debug|Any CPU
		Release|Any CPU = Release|Any CPU
	EndGlobalSection
	GlobalSection(ProjectConfigurationPlatforms) = postSolution
		{9F79F2D5-9A6C-416D-9059-D5F82139F594}.Debug|Any CPU.ActiveCfg = Debug|Any CPU
		{9F79F2D5-9A6C-416D-9059-D5F82139F594}.Debug|Any CPU.Build.0 = Debug|Any CPU
		{9F79F2D5-9A6C-416D-9059-D5F82139F594}.Release|Any CPU.ActiveCfg = Release|Any CPU
		{9F79F2D5-9A6C-416D-9059-D5F82139F594}.Release|Any CPU.Build.0 = Release|Any CPU
		{BFDE1403-FB86-453B-B269-E8EDE8C491E7}.Debug|Any CPU.ActiveCfg = Debug|Any CPU
		{BFDE1403-FB86-453B-B269-E8EDE8C491E7}.Debug|Any CPU.Build.0 = Debug|Any CPU
		{BFDE1403-FB86-453B-B269-E8EDE8C491E7}.Release|Any CPU.ActiveCfg = Release|Any CPU
		{BFDE1403-FB86-453B-B269-E8EDE8C491E7}.Release|Any CPU.Build.0 = Release|Any CPU
		{A7106878-6538-473E-82F0-5251B2E85014}.Debug|Any CPU.ActiveCfg = Debug|Any CPU
		{A7106878-6538-473E-82F0-5251B2E85014}.Debug|Any CPU.Build.0 = Debug|Any CPU
		{A7106878-6538-473E-82F0-5251B2E85014}.Release|Any CPU.ActiveCfg = Release|Any CPU
		{A7106878-6538-473E-82F0-5251B2E85014}.Release|Any CPU.Build.0 = Release|Any CPU
		{BB65C91A-F572-48CB-9C22-AE860119C8D5}.Debug|Any CPU.ActiveCfg = Debug|Any CPU
		{BB65C91A-F572-48CB-9C22-AE860119C8D5}.Debug|Any CPU.Build.0 = Debug|Any CPU
		{BB65C91A-F572-48CB-9C22-AE860119C8D5}.Release|Any CPU.ActiveCfg = Release|Any CPU
		{BB65C91A-F572-48CB-9C22-AE860119C8D5}.Release|Any CPU.Build.0 = Release|Any CPU
		{C36879FC-F55C-4620-BC05-407EFBBC8869}.Debug|Any CPU.ActiveCfg = Debug|Any CPU
		{C36879FC-F55C-4620-BC05-407EFBBC8869}.Debug|Any CPU.Build.0 = Debug|Any CPU
		{C36879FC-F55C-4620-BC05-407EFBBC8869}.Release|Any CPU.ActiveCfg = Release|Any CPU
		{C36879FC-F55C-4620-BC05-407EFBBC8869}.Release|Any CPU.Build.0 = Release|Any CPU
	EndGlobalSection
	GlobalSection(SolutionProperties) = preSolution
		HideSolutionNode = FALSE
	EndGlobalSection
	GlobalSection(ExtensibilityGlobals) = postSolution
		SolutionGuid = {397ED97F-3A9A-4631-A901-691F8BACE11E}
	EndGlobalSection
EndGlobal
